dependencies:
  espressif/esp_codec_dev:
    component_hash: 4779f31a3ba3f9b38aee1afe6ccb9ba8f6108dc3a6e77d39d7d714e9a215371b
    dependencies:
    - name: idf
      require: private
      version: '>=4.0'
    source:
      registry_url: https://components.espressif.com/
      type: service
    version: 1.6.2
  espressif/esp_websocket_client:
    component_hash: c5a067a9fddea370c478017e66fac302f4b79c3d4027e9bdd42a019786cceb92
    dependencies:
    - name: idf
      require: private
      version: '>=5.0'
    source:
      registry_url: https://components.espressif.com/
      type: service
    version: 1.6.1
  idf:
    source:
      type: idf
    version: 5.5.3
direct_dependencies:
- espressif/esp_codec_dev
- espressif/esp_websocket_client
- idf
manifest_hash: 15531388dbc4d9e648cc653b9a6d2638cc2dfd47803a1f720f8ab700fff1ee89
target: esp32s3
version: 2.0.0
